{
  "name": "ics_merger",
  "version": "1.0.0",
  "lockfileVersion": 3,
  "requires": true,
  "packages": {
    "": {
      "name": "ics_merger",
      "version": "1.0.0",
      "license": "UNLICENSED",
      "dependencies": {
        "ical.js": "^2.2.1"
      }
    },
    "node_modules/ical.js": {
      "version": "2.2.1",
      "resolved": "https://registry.npmjs.org/ical.js/-/ical.js-2.2.1.tgz",
      "integrity": "sha512-yK/UlPbEs316igb/tjRgbFA8ZV75rCsBJp/hWOatpyaPNlgw0dGDmU+FoicOcwX4xXkeXOkYiOmCqNPFpNPkQg==",
      "license": "MPL-2.0"
    }
  }
}
